<?xml version="1.0" encoding="UTF-8" standalone="yes" ?>
<CodeBlocks_project_file>
	<FileVersion major="1" minor="6" />
	<Project>
		<Option title="PPL1_Simala Jean Lucca" />
		<Option pch_mode="2" />
		<Option compiler="gcc" />
		<Build>
			<Target title="Debug">
				<Option output="bin/Debug/PPL1_Simala Jean Lucca" prefix_auto="1" extension_auto="1" />
				<Option object_output="obj/Debug/" />
				<Option type="1" />
				<Option compiler="gcc" />
				<Compiler>
					<Add option="-g" />
				</Compiler>
			</Target>
			<Target title="Release">
				<Option output="bin/Release/PPL1_Simala Jean Lucca" prefix_auto="1" extension_auto="1" />
				<Option object_output="obj/Release/" />
				<Option type="1" />
				<Option compiler="gcc" />
				<Compiler>
					<Add option="-O2" />
				</Compiler>
				<Linker>
					<Add option="-s" />
				</Linker>
			</Target>
		</Build>
		<Compiler>
			<Add option="-Wall" />
		</Compiler>
		<Unit filename="actores.c">
			<Option compilerVar="CC" />
		</Unit>
		<Unit filename="actores.h" />
		<Unit filename="elenco.c">
			<Option compilerVar="CC" />
		</Unit>
		<Unit filename="elenco.h" />
		<Unit filename="genero.c">
			<Option compilerVar="CC" />
		</Unit>
		<Unit filename="genero.h" />
		<Unit filename="main.c">
			<Option compilerVar="CC" />
		</Unit>
		<Unit filename="pedirDatos.c">
			<Option compilerVar="CC" />
		</Unit>
		<Unit filename="pedirDatos.h" />
		<Unit filename="pelicula.h" />
		<Unit filename="peliculas.c">
			<Option compilerVar="CC" />
		</Unit>
		<Extensions>
			<code_completion />
			<envvars />
			<debugger />
		</Extensions>
	</Project>
</CodeBlocks_project_file>
